// !$*UTF8*$!
{
	archiveVersion = 1;
	classes = {
	};
	objectVersion = 50;
	objects = {

/* Begin PBXBuildFile section */
		945325DA252B8F1100D71039 /* AppDelegate.swift in Sources */ = {isa = PBXBuildFile; fileRef = 945325D9252B8F1100D71039 /* AppDelegate.swift */; };
		945325DC252B8F1100D71039 /* SceneDelegate.swift in Sources */ = {isa = PBXBuildFile; fileRef = 945325DB252B8F1100D71039 /* SceneDelegate.swift */; };
		945325E1252B8F1100D71039 /* Main.storyboard in Resources */ = {isa = PBXBuildFile; fileRef = 945325DF252B8F1100D71039 /* Main.storyboard */; };
		945325E4252B8F1100D71039 /* DocumentsCoreData.xcdatamodeld in Sources */ = {isa = PBXBuildFile; fileRef = 945325E2252B8F1100D71039 /* DocumentsCoreData.xcdatamodeld */; };
		945325E6252B8F1200D71039 /* Assets.xcassets in Resources */ = {isa = PBXBuildFile; fileRef = 945325E5252B8F1200D71039 /* Assets.xcassets */; };
		945325E9252B8F1200D71039 /* LaunchScreen.storyboard in Resources */ = {isa = PBXBuildFile; fileRef = 945325E7252B8F1200D71039 /* LaunchScreen.storyboard */; };
		945325F6252B90C100D71039 /* DocumentViewController.swift in Sources */ = {isa = PBXBuildFile; fileRef = 945325F5252B90C100D71039 /* DocumentViewController.swift */; };
		945325FA252B90D500D71039 /* DocumentTableViewCell.swift in Sources */ = {isa = PBXBuildFile; fileRef = 945325F9252B90D500D71039 /* DocumentTableViewCell.swift */; };
		945325FE252B9AD300D71039 /* Document+CoreDataClass.swift in Sources */ = {isa = PBXBuildFile; fileRef = 945325FC252B9AD300D71039 /* Document+CoreDataClass.swift */; };
		945325FF252B9AD300D71039 /* Document+CoreDataProperties.swift in Sources */ = {isa = PBXBuildFile; fileRef = 945325FD252B9AD300D71039 /* Document+CoreDataProperties.swift */; };
		94532603252BA07F00D71039 /* DocumentListViewController.swift in Sources */ = {isa = PBXBuildFile; fileRef = 94532602252BA07F00D71039 /* DocumentListViewController.swift */; };
/* End PBXBuildFile section */

/* Begin PBXFileReference section */
		945325D6252B8F1100D71039 /* DocumentsCoreData.app */ = {isa = PBXFileReference; explicitFileType = wrapper.application; includeInIndex = 0; path = DocumentsCoreData.app; sourceTree = BUILT_PRODUCTS_DIR; };
		945325D9252B8F1100D71039 /* AppDelegate.swift */ = {isa = PBXFileReference; lastKnownFileType = sourcecode.swift; path = AppDelegate.swift; sourceTree = "<group>"; };
		945325DB252B8F1100D71039 /* SceneDelegate.swift */ = {isa = PBXFileReference; lastKnownFileType = sourcecode.swift; path = SceneDelegate.swift; sourceTree = "<group>"; };
		945325E0252B8F1100D71039 /* Base */ = {isa = PBXFileReference; lastKnownFileType = file.storyboard; name = Base; path = Base.lproj/Main.storyboard; sourceTree = "<group>"; };
		945325E3252B8F1100D71039 /* DocumentsCoreData.xcdatamodel */ = {isa = PBXFileReference; lastKnownFileType = wrapper.xcdatamodel; path = DocumentsCoreData.xcdatamodel; sourceTree = "<group>"; };
		945325E5252B8F1200D71039 /* Assets.xcassets */ = {isa = PBXFileReference; lastKnownFileType = folder.assetcatalog; path = Assets.xcassets; sourceTree = "<group>"; };
		945325E8252B8F1200D71039 /* Base */ = {isa = PBXFileReference; lastKnownFileType = file.storyboard; name = Base; path = Base.lproj/LaunchScreen.storyboard; sourceTree = "<group>"; };
		945325EA252B8F1200D71039 /* Info.plist */ = {isa = PBXFileReference; lastKnownFileType = text.plist.xml; path = Info.plist; sourceTree = "<group>"; };
		945325F5252B90C100D71039 /* DocumentViewController.swift */ = {isa = PBXFileReference; lastKnownFileType = sourcecode.swift; path = DocumentViewController.swift; sourceTree = "<group>"; };
		945325F9252B90D500D71039 /* DocumentTableViewCell.swift */ = {isa = PBXFileReference; lastKnownFileType = sourcecode.swift; path = DocumentTableViewCell.swift; sourceTree = "<group>"; };
		945325FC252B9AD300D71039 /* Document+CoreDataClass.swift */ = {isa = PBXFileReference; lastKnownFileType = sourcecode.swift; path = "Document+CoreDataClass.swift"; sourceTree = "<group>"; };
		945325FD252B9AD300D71039 /* Document+CoreDataProperties.swift */ = {isa = PBXFileReference; lastKnownFileType = sourcecode.swift; path = "Document+CoreDataProperties.swift"; sourceTree = "<group>"; };
		94532602252BA07F00D71039 /* DocumentListViewController.swift */ = {isa = PBXFileReference; lastKnownFileType = sourcecode.swift; path = DocumentListViewController.swift; sourceTree = "<group>"; };
/* End PBXFileReference section */

/* Begin PBXFrameworksBuildPhase section */
		945325D3252B8F1100D71039 /* Frameworks */ = {
			isa = PBXFrameworksBuildPhase;
			buildActionMask = 2147483647;
			files = (
			);
			runOnlyForDeploymentPostprocessing = 0;
		};
/* End PBXFrameworksBuildPhase section */

/* Begin PBXGroup section */
		945325CD252B8F1100D71039 = {
			isa = PBXGroup;
			children = (
				945325D8252B8F1100D71039 /* DocumentsCoreData */,
				945325D7252B8F1100D71039 /* Products */,
			);
			sourceTree = "<group>";
		};
		945325D7252B8F1100D71039 /* Products */ = {
			isa = PBXGroup;
			children = (
				945325D6252B8F1100D71039 /* DocumentsCoreData.app */,
			);
			name = Products;
			sourceTree = "<group>";
		};
		945325D8252B8F1100D71039 /* DocumentsCoreData */ = {
			isa = PBXGroup;
			children = (
				945325FC252B9AD300D71039 /* Document+CoreDataClass.swift */,
				945325FD252B9AD300D71039 /* Document+CoreDataProperties.swift */,
				945325F5252B90C100D71039 /* DocumentViewController.swift */,
				94532602252BA07F00D71039 /* DocumentListViewController.swift */,
				945325F9252B90D500D71039 /* DocumentTableViewCell.swift */,
				945325D9252B8F1100D71039 /* AppDelegate.swift */,
				945325DB252B8F1100D71039 /* SceneDelegate.swift */,
				945325DF252B8F1100D71039 /* Main.storyboard */,
				945325E5252B8F1200D71039 /* Assets.xcassets */,
				945325E7252B8F1200D71039 /* LaunchScreen.storyboard */,
				945325EA252B8F1200D71039 /* Info.plist */,
				945325E2252B8F1100D71039 /* DocumentsCoreData.xcdatamodeld */,
			);
			path = DocumentsCoreData;
			sourceTree = "<group>";
		};
/* End PBXGroup section */

/* Begin PBXNativeTarget section */
		945325D5252B8F1100D71039 /* DocumentsCoreData */ = {
			isa = PBXNativeTarget;
			buildConfigurationList = 945325ED252B8F1200D71039 /* Build configuration list for PBXNativeTarget "DocumentsCoreData" */;
			buildPhases = (
				945325D2252B8F1100D71039 /* Sources */,
				945325D3252B8F1100D71039 /* Frameworks */,
				945325D4252B8F1100D71039 /* Resources */,
			);
			buildRules = (
			);
			dependencies = (
			);
			name = DocumentsCoreData;
			productName = DocumentsCoreData;
			productReference = 945325D6252B8F1100D71039 /* DocumentsCoreData.app */;
			productType = "com.apple.product-type.application";
		};
/* End PBXNativeTarget section */

/* Begin PBXProject section */
		945325CE252B8F1100D71039 /* Project object */ = {
			isa = PBXProject;
			attributes = {
				LastSwiftUpdateCheck = 1200;
				LastUpgradeCheck = 1200;
				TargetAttributes = {
					945325D5252B8F1100D71039 = {
						CreatedOnToolsVersion = 12.0.1;
					};
				};
			};
			buildConfigurationList = 945325D1252B8F1100D71039 /* Build configuration list for PBXProject "DocumentsCoreData" */;
			compatibilityVersion = "Xcode 9.3";
			developmentRegion = en;
			hasScannedForEncodings = 0;
			knownRegions = (
				en,
				Base,
			);
			mainGroup = 945325CD252B8F1100D71039;
			productRefGroup = 945325D7252B8F1100D71039 /* Products */;
			projectDirPath = "";
			projectRoot = "";
			targets = (
				945325D5252B8F1100D71039 /* DocumentsCoreData */,
			);
		};
/* End PBXProject section */

/* Begin PBXResourcesBuildPhase section */
		945325D4252B8F1100D71039 /* Resources */ = {
			isa = PBXResourcesBuildPhase;
			buildActionMask = 2147483647;
			files = (
				945325E9252B8F1200D71039 /* LaunchScreen.storyboard in Resources */,
				945325E6252B8F1200D71039 /* Assets.xcassets in Resources */,
				945325E1252B8F1100D71039 /* Main.storyboard in Resources */,
			);
			runOnlyForDeploymentPostprocessing = 0;
		};
/* End PBXResourcesBuildPhase section */

/* Begin PBXSourcesBuildPhase section */
		945325D2252B8F1100D71039 /* Sources */ = {
			isa = PBXSourcesBuildPhase;
			buildActionMask = 2147483647;
			files = (
				945325F6252B90C100D71039 /* DocumentViewController.swift in Sources */,
				945325DA252B8F1100D71039 /* AppDelegate.swift in Sources */,
				94532603252BA07F00D71039 /* DocumentListViewController.swift in Sources */,
				945325FF252B9AD300D71039 /* Document+CoreDataProperties.swift in Sources */,
				945325DC252B8F1100D71039 /* SceneDelegate.swift in Sources */,
				945325FE252B9AD300D71039 /* Document+CoreDataClass.swift in Sources */,
				945325FA252B90D500D71039 /* DocumentTableViewCell.swift in Sources */,
				945325E4252B8F1100D71039 /* DocumentsCoreData.xcdatamodeld in Sources */,
			);
			runOnlyForDeploymentPostprocessing = 0;
		};
/* End PBXSourcesBuildPhase section */

/* Begin PBXVariantGroup section */
		945325DF252B8F1100D71039 /* Main.storyboard */ = {
			isa = PBXVariantGroup;
			children = (
				945325E0252B8F1100D71039 /* Base */,
			);
			name = Main.storyboard;
			sourceTree = "<group>";
		};
		945325E7252B8F1200D71039 /* LaunchScreen.storyboard */ = {
			isa = PBXVariantGroup;
			children = (
				945325E8252B8F1200D71039 /* Base */,
			);
			name = LaunchScreen.storyboard;
			sourceTree = "<group>";
		};
/* End PBXVariantGroup section */

/* Begin XCBuildConfiguration section */
		945325EB252B8F1200D71039 /* Debug */ = {
			isa = XCBuildConfiguration;
			buildSettings = {
				ALWAYS_SEARCH_USER_PATHS = NO;
				CLANG_ANALYZER_NONNULL = YES;
				CLANG_ANALYZER_NUMBER_OBJECT_CONVERSION = YES_AGGRESSIVE;
				CLANG_CXX_LANGUAGE_STANDARD = "gnu++14";
				CLANG_CXX_LIBRARY = "libc++";
				CLANG_ENABLE_MODULES = YES;
				CLANG_ENABLE_OBJC_ARC = YES;
				CLANG_ENABLE_OBJC_WEAK = YES;
				CLANG_WARN_BLOCK_CAPTURE_AUTORELEASING = YES;
				CLANG_WARN_BOOL_CONVERSION = YES;
				CLANG_WARN_COMMA = YES;
				CLANG_WARN_CONSTANT_CONVERSION = YES;
				CLANG_WARN_DEPRECATED_OBJC_IMPLEMENTATIONS = YES;
				CLANG_WARN_DIRECT_OBJC_ISA_USAGE = YES_ERROR;
				CLANG_WARN_DOCUMENTATION_COMMENTS = YES;
				CLANG_WARN_EMPTY_BODY = YES;
				CLANG_WARN_ENUM_CONVERSION = YES;
				CLANG_WARN_INFINITE_RECURSION = YES;
				CLANG_WARN_INT_CONVERSION = YES;
				CLANG_WARN_NON_LITERAL_NULL_CONVERSION = YES;
				CLANG_WARN_OBJC_IMPLICIT_RETAIN_SELF = YES;
				CLANG_WARN_OBJC_LITERAL_CONVERSION = YES;
				CLANG_WARN_OBJC_ROOT_CLASS = YES_ERROR;
				CLANG_WARN_QUOTED_INCLUDE_IN_FRAMEWORK_HEADER = YES;
				CLANG_WARN_RANGE_LOOP_ANALYSIS = YES;
				CLANG_WARN_STRICT_PROTOTYPES = YES;
				CLANG_WARN_SUSPICIOUS_MOVE = YES;
				CLANG_WARN_UNGUARDED_AVAILABILITY = YES_AGGRESSIVE;
				CLANG_WARN_UNREACHABLE_CODE = YES;
				CLANG_WARN__DUPLICATE_METHOD_MATCH = YES;
				COPY_PHASE_STRIP = NO;
				DEBUG_INFORMATION_FORMAT = dwarf;
				ENABLE_STRICT_OBJC_MSGSEND = YES;
				ENABLE_TESTABILITY = YES;
				GCC_C_LANGUAGE_STANDARD = gnu11;
				GCC_DYNAMIC_NO_PIC = NO;
				GCC_NO_COMMON_BLOCKS = YES;
				GCC_OPTIMIZATION_LEVEL = 0;
				GCC_PREPROCESSOR_DEFINITIONS = (
					"DEBUG=1",
					"$(inherited)",
				);
				GCC_WARN_64_TO_32_BIT_CONVERSION = YES;
				GCC_WARN_ABOUT_RETURN_TYPE = YES_ERROR;
				GCC_WARN_UNDECLARED_SELECTOR = YES;
				GCC_WARN_UNINITIALIZED_AUTOS = YES_AGGRESSIVE;
				GCC_WARN_UNUSED_FUNCTION = YES;
				GCC_WARN_UNUSED_VARIABLE = YES;
				IPHONEOS_DEPLOYMENT_TARGET = 14.0;
				MTL_ENABLE_DEBUG_INFO = INCLUDE_SOURCE;
				MTL_FAST_MATH = YES;
				ONLY_ACTIVE_ARCH = YES;
				SDKROOT = iphoneos;
				SWIFT_ACTIVE_COMPILATION_CONDITIONS = DEBUG;
				SWIFT_OPTIMIZATION_LEVEL = "-Onone";
			};
			name = Debug;
		};
		945325EC252B8F1200D71039 /* Release */ = {
			isa = XCBuildConfiguration;
			buildSettings = {
				ALWAYS_SEARCH_USER_PATHS = NO;
				CLANG_ANALYZER_NONNULL = YES;
				CLANG_ANALYZER_NUMBER_OBJECT_CONVERSION = YES_AGGRESSIVE;
				CLANG_CXX_LANGUAGE_STANDARD = "gnu++14";
				CLANG_CXX_LIBRARY = "libc++";
				CLANG_ENABLE_MODULES = YES;
				CLANG_ENABLE_OBJC_ARC = YES;
				CLANG_ENABLE_OBJC_WEAK = YES;
				CLANG_WARN_BLOCK_CAPTURE_AUTORELEASING = YES;
				CLANG_WARN_BOOL_CONVERSION = YES;
				CLANG_WARN_COMMA = YES;
				CLANG_WARN_CONSTANT_CONVERSION = YES;
				CLANG_WARN_DEPRECATED_OBJC_IMPLEMENTATIONS = YES;
				CLANG_WARN_DIRECT_OBJC_ISA_USAGE = YES_ERROR;
				CLANG_WARN_DOCUMENTATION_COMMENTS = YES;
				CLANG_WARN_EMPTY_BODY = YES;
				CLANG_WARN_ENUM_CONVERSION = YES;
				CLANG_WARN_INFINITE_RECURSION = YES;
				CLANG_WARN_INT_CONVERSION = YES;
				CLANG_WARN_NON_LITERAL_NULL_CONVERSION = YES;
				CLANG_WARN_OBJC_IMPLICIT_RETAIN_SELF = YES;
				CLANG_WARN_OBJC_LITERAL_CONVERSION = YES;
				CLANG_WARN_OBJC_ROOT_CLASS = YES_ERROR;
				CLANG_WARN_QUOTED_INCLUDE_IN_FRAMEWORK_HEADER = YES;
				CLANG_WARN_RANGE_LOOP_ANALYSIS = YES;
				CLANG_WARN_STRICT_PROTOTYPES = YES;
				CLANG_WARN_SUSPICIOUS_MOVE = YES;
				CLANG_WARN_UNGUARDED_AVAILABILITY = YES_AGGRESSIVE;
				CLANG_WARN_UNREACHABLE_CODE = YES;
				CLANG_WARN__DUPLICATE_METHOD_MATCH = YES;
				COPY_PHASE_STRIP = NO;
				DEBUG_INFORMATION_FORMAT = "dwarf-with-dsym";
				ENABLE_NS_ASSERTIONS = NO;
				ENABLE_STRICT_OBJC_MSGSEND = YES;
				GCC_C_LANGUAGE_STANDARD = gnu11;
				GCC_NO_COMMON_BLOCKS = YES;
				GCC_WARN_64_TO_32_BIT_CONVERSION = YES;
				GCC_WARN_ABOUT_RETURN_TYPE = YES_ERROR;
				GCC_WARN_UNDECLARED_SELECTOR = YES;
				GCC_WARN_UNINITIALIZED_AUTOS = YES_AGGRESSIVE;
				GCC_WARN_UNUSED_FUNCTION = YES;
				GCC_WARN_UNUSED_VARIABLE = YES;
				IPHONEOS_DEPLOYMENT_TARGET = 14.0;
				MTL_ENABLE_DEBUG_INFO = NO;
				MTL_FAST_MATH = YES;
				SDKROOT = iphoneos;
				SWIFT_COMPILATION_MODE = wholemodule;
				SWIFT_OPTIMIZATION_LEVEL = "-O";
				VALIDATE_PRODUCT = YES;
			};
			name = Release;
		};
		945325EE252B8F1200D71039 /* Debug */ = {
			isa = XCBuildConfiguration;
			buildSettings = {
				ASSETCATALOG_COMPILER_APPICON_NAME = AppIcon;
				ASSETCATALOG_COMPILER_GLOBAL_ACCENT_COLOR_NAME = AccentColor;
				CODE_SIGN_STYLE = Automatic;
				DEVELOPMENT_TEAM = C6B4S42C65;
				INFOPLIST_FILE = DocumentsCoreData/Info.plist;
				LD_RUNPATH_SEARCH_PATHS = (
					"$(inherited)",
					"@executable_path/Frameworks",
				);
				PRODUCT_BUNDLE_IDENTIFIER = com.LivvyBeggs.DocumentsCoreData;
				PRODUCT_NAME = "$(TARGET_NAME)";
				SWIFT_VERSION = 5.0;
				TARGETED_DEVICE_FAMILY = "1,2";
			};
			name = Debug;
		};
		945325EF252B8F1200D71039 /* Release */ = {
			isa = XCBuildConfiguration;
			buildSettings = {
				ASSETCATALOG_COMPILER_APPICON_NAME = AppIcon;
				ASSETCATALOG_COMPILER_GLOBAL_ACCENT_COLOR_NAME = AccentColor;
				CODE_SIGN_STYLE = Automatic;
				DEVELOPMENT_TEAM = C6B4S42C65;
				INFOPLIST_FILE = DocumentsCoreData/Info.plist;
				LD_RUNPATH_SEARCH_PATHS = (
					"$(inherited)",
					"@executable_path/Frameworks",
				);
				PRODUCT_BUNDLE_IDENTIFIER = com.LivvyBeggs.DocumentsCoreData;
				PRODUCT_NAME = "$(TARGET_NAME)";
				SWIFT_VERSION = 5.0;
				TARGETED_DEVICE_FAMILY = "1,2";
			};
			name = Release;
		};
/* End XCBuildConfiguration section */

/* Begin XCConfigurationList section */
		945325D1252B8F1100D71039 /* Build configuration list for PBXProject "DocumentsCoreData" */ = {
			isa = XCConfigurationList;
			buildConfigurations = (
				945325EB252B8F1200D71039 /* Debug */,
				945325EC252B8F1200D71039 /* Release */,
			);
			defaultConfigurationIsVisible = 0;
			defaultConfigurationName = Release;
		};
		945325ED252B8F1200D71039 /* Build configuration list for PBXNativeTarget "DocumentsCoreData" */ = {
			isa = XCConfigurationList;
			buildConfigurations = (
				945325EE252B8F1200D71039 /* Debug */,
				945325EF252B8F1200D71039 /* Release */,
			);
			defaultConfigurationIsVisible = 0;
			defaultConfigurationName = Release;
		};
/* End XCConfigurationList section */

/* Begin XCVersionGroup section */
		945325E2252B8F1100D71039 /* DocumentsCoreData.xcdatamodeld */ = {
			isa = XCVersionGroup;
			children = (
				945325E3252B8F1100D71039 /* DocumentsCoreData.xcdatamodel */,
			);
			currentVersion = 945325E3252B8F1100D71039 /* DocumentsCoreData.xcdatamodel */;
			path = DocumentsCoreData.xcdatamodeld;
			sourceTree = "<group>";
			versionGroupType = wrapper.xcdatamodel;
		};
/* End XCVersionGroup section */
	};
	rootObject = 945325CE252B8F1100D71039 /* Project object */;
}
